
Microsoft Visual Studio Solution File, Format Version 12.00
# Visual Studio Version 16
VisualStudioVersion = 16.0.32407.337
MinimumVisualStudioVersion = 10.0.40219.1
Project("{FAE04EC0-301F-11D3-BF4B-00C04F79EFBC}") = "Cyber Safe Academy", "Cyber Safe Academy\Cyber Safe Academy.csproj", "{3B6BAE1A-2A08-47B7-B3FD-DBC36B27F8F1}"
EndProject
Global
	GlobalSection(SolutionConfigurationPlatforms) = preSolution
		Debug|Any CPU = Debug|Any CPU
		Release|Any CPU = Release|Any CPU
	EndGlobalSection
	GlobalSection(ProjectConfigurationPlatforms) = postSolution
		{3B6BAE1A-2A08-47B7-B3FD-DBC36B27F8F1}.Debug|Any CPU.ActiveCfg = Debug|Any CPU
		{3B6BAE1A-2A08-47B7-B3FD-DBC36B27F8F1}.Debug|Any CPU.Build.0 = Debug|Any CPU
		{3B6BAE1A-2A08-47B7-B3FD-DBC36B27F8F1}.Release|Any CPU.ActiveCfg = Release|Any CPU
		{3B6BAE1A-2A08-47B7-B3FD-DBC36B27F8F1}.Release|Any CPU.Build.0 = Release|Any CPU
	EndGlobalSection
	GlobalSection(SolutionProperties) = preSolution
		HideSolutionNode = FALSE
	EndGlobalSection
	GlobalSection(ExtensibilityGlobals) = postSolution
		SolutionGuid = {80715DF7-63DE-48B7-9E23-9E20B4A64D8C}
	EndGlobalSection
EndGlobal
